
Microsoft Visual Studio Solution File, Format Version 12.00
# Visual Studio 15
VisualStudioVersion = 15.0.28307.1082
MinimumVisualStudioVersion = 10.0.40219.1
Project("{FAE04EC0-301F-11D3-BF4B-00C04F79EFBC}") = "WebAPI", "WebAPI\WebAPI.csproj", "{DEC09D60-557B-4A3A-86DF-B1BE0FF68694}"
EndProject
Global
	GlobalSection(SolutionConfigurationPlatforms) = preSolution
		Debug|Any CPU = Debug|Any CPU
		Release|Any CPU = Release|Any CPU
	EndGlobalSection
	GlobalSection(ProjectConfigurationPlatforms) = postSolution
		{DEC09D60-557B-4A3A-86DF-B1BE0FF68694}.Debug|Any CPU.ActiveCfg = Debug|Any CPU
		{DEC09D60-557B-4A3A-86DF-B1BE0FF68694}.Debug|Any CPU.Build.0 = Debug|Any CPU
		{DEC09D60-557B-4A3A-86DF-B1BE0FF68694}.Release|Any CPU.ActiveCfg = Release|Any CPU
		{DEC09D60-557B-4A3A-86DF-B1BE0FF68694}.Release|Any CPU.Build.0 = Release|Any CPU
	EndGlobalSection
	GlobalSection(SolutionProperties) = preSolution
		HideSolutionNode = FALSE
	EndGlobalSection
	GlobalSection(ExtensibilityGlobals) = postSolution
		SolutionGuid = {3BD24DC8-E558-4AE6-87BE-162FBBCBF1E7}
	EndGlobalSection
EndGlobal
